
Microsoft Visual Studio Solution File, Format Version 12.00
# Visual Studio Version 17
VisualStudioVersion = 17.7.34031.279
MinimumVisualStudioVersion = 10.0.40219.1
Project("{9A19103F-16F7-4668-BE54-9A1E7A4F7556}") = "CSharpAdoNet", "CSharpAdoNet\CSharpAdoNet.csproj", "{0E1BA6FB-A50D-4BBE-8CA1-36C9658EEACB}"
EndProject
Project("{2150E333-8FDC-42A3-9474-1A3956D46DE8}") = "Itens de Solução", "Itens de Solução", "{B91BBF2E-1FB8-4D14-A935-E2D86E639102}"
EndProject
Project("{2150E333-8FDC-42A3-9474-1A3956D46DE8}") = "Solution Items", "Solution Items", "{BD8B0A85-C198-4587-9759-C2CB169BCF1C}"
	ProjectSection(SolutionItems) = preProject
		.editorconfig = .editorconfig
	EndProjectSection
EndProject
Global
	GlobalSection(SolutionConfigurationPlatforms) = preSolution
		Debug|Any CPU = Debug|Any CPU
		Release|Any CPU = Release|Any CPU
	EndGlobalSection
	GlobalSection(ProjectConfigurationPlatforms) = postSolution
		{0E1BA6FB-A50D-4BBE-8CA1-36C9658EEACB}.Debug|Any CPU.ActiveCfg = Debug|Any CPU
		{0E1BA6FB-A50D-4BBE-8CA1-36C9658EEACB}.Debug|Any CPU.Build.0 = Debug|Any CPU
		{0E1BA6FB-A50D-4BBE-8CA1-36C9658EEACB}.Release|Any CPU.ActiveCfg = Release|Any CPU
		{0E1BA6FB-A50D-4BBE-8CA1-36C9658EEACB}.Release|Any CPU.Build.0 = Release|Any CPU
	EndGlobalSection
	GlobalSection(SolutionProperties) = preSolution
		HideSolutionNode = FALSE
	EndGlobalSection
	GlobalSection(ExtensibilityGlobals) = postSolution
		SolutionGuid = {11A7F966-39EA-4C42-9F80-47B4124BDEE2}
	EndGlobalSection
EndGlobal
